PODS:
  - SwipeableTableViewCell (0.1.1)

DEPENDENCIES:
  - SwipeableTableViewCell (from `../`)

EXTERNAL SOURCES:
  SwipeableTableViewCell:
    :path: "../"

SPEC CHECKSUMS:
  SwipeableTableViewCell: 575f7191285f1484e0237638123de0af4c902bf6

PODFILE CHECKSUM: aed93b56deeb56b558530222f935a3de2db5689a

COCOAPODS: 1.5.3
