// !$*UTF8*$!
{
	archiveVersion = 1;
	classes = {
	};
	objectVersion = 50;
	objects = {

/* Begin PBXBuildFile section */
		C659CD8120F7697A00A73C03 /* AppDelegate.swift in Sources */ = {isa = PBXBuildFile; fileRef = C659CD8020F7697A00A73C03 /* AppDelegate.swift */; };
		C659CD8820F7697B00A73C03 /* Assets.xcassets in Resources */ = {isa = PBXBuildFile; fileRef = C659CD8720F7697B00A73C03 /* Assets.xcassets */; };
		C659CD8B20F7697B00A73C03 /* LaunchScreen.storyboard in Resources */ = {isa = PBXBuildFile; fileRef = C659CD8920F7697B00A73C03 /* LaunchScreen.storyboard */; };
		C659CD9420F769BC00A73C03 /* TableViewController.swift in Sources */ = {isa = PBXBuildFile; fileRef = C659CD9220F769BC00A73C03 /* TableViewController.swift */; };
		C659CD9520F769BC00A73C03 /* TableViewCell.swift in Sources */ = {isa = PBXBuildFile; fileRef = C659CD9320F769BC00A73C03 /* TableViewCell.swift */; };
		C659CD9920F8AF1100A73C03 /* TableViewModel.swift in Sources */ = {isa = PBXBuildFile; fileRef = C659CD9820F8AF1100A73C03 /* TableViewModel.swift */; };
		C659CDAE20F8B09F00A73C03 /* Fonts in Resources */ = {isa = PBXBuildFile; fileRef = C659CDAD20F8B09F00A73C03 /* Fonts */; };
		C659CDB020F8B26D00A73C03 /* Font.swift in Sources */ = {isa = PBXBuildFile; fileRef = C659CDAF20F8B26D00A73C03 /* Font.swift */; };
		E7362BF6AB068F4227F489BC /* SwipeableTableViewCell.swift in Sources */ = {isa = PBXBuildFile; fileRef = E73620FF76B0FB733CFE07DB /* SwipeableTableViewCell.swift */; };
/* End PBXBuildFile section */

/* Begin PBXFileReference section */
		C659CD7D20F7697A00A73C03 /* swipeable-cell-actions.app */ = {isa = PBXFileReference; explicitFileType = wrapper.application; includeInIndex = 0; path = "swipeable-cell-actions.app"; sourceTree = BUILT_PRODUCTS_DIR; };
		C659CD8020F7697A00A73C03 /* AppDelegate.swift */ = {isa = PBXFileReference; lastKnownFileType = sourcecode.swift; path = AppDelegate.swift; sourceTree = "<group>"; };
		C659CD8720F7697B00A73C03 /* Assets.xcassets */ = {isa = PBXFileReference; lastKnownFileType = folder.assetcatalog; path = Assets.xcassets; sourceTree = "<group>"; };
		C659CD8A20F7697B00A73C03 /* Base */ = {isa = PBXFileReference; lastKnownFileType = file.storyboard; name = Base; path = Base.lproj/LaunchScreen.storyboard; sourceTree = "<group>"; };
		C659CD8C20F7697B00A73C03 /* Info.plist */ = {isa = PBXFileReference; lastKnownFileType = text.plist.xml; path = Info.plist; sourceTree = "<group>"; };
		C659CD9220F769BC00A73C03 /* TableViewController.swift */ = {isa = PBXFileReference; fileEncoding = 4; lastKnownFileType = sourcecode.swift; path = TableViewController.swift; sourceTree = "<group>"; };
		C659CD9320F769BC00A73C03 /* TableViewCell.swift */ = {isa = PBXFileReference; fileEncoding = 4; lastKnownFileType = sourcecode.swift; path = TableViewCell.swift; sourceTree = "<group>"; };
		C659CD9820F8AF1100A73C03 /* TableViewModel.swift */ = {isa = PBXFileReference; lastKnownFileType = sourcecode.swift; path = TableViewModel.swift; sourceTree = "<group>"; };
		C659CDAD20F8B09F00A73C03 /* Fonts */ = {isa = PBXFileReference; lastKnownFileType = folder; path = Fonts; sourceTree = "<group>"; };
		C659CDAF20F8B26D00A73C03 /* Font.swift */ = {isa = PBXFileReference; lastKnownFileType = sourcecode.swift; path = Font.swift; sourceTree = "<group>"; };
		E73620FF76B0FB733CFE07DB /* SwipeableTableViewCell.swift */ = {isa = PBXFileReference; fileEncoding = 4; lastKnownFileType = sourcecode.swift; path = SwipeableTableViewCell.swift; sourceTree = "<group>"; };
/* End PBXFileReference section */

/* Begin PBXFrameworksBuildPhase section */
		C659CD7A20F7697A00A73C03 /* Frameworks */ = {
			isa = PBXFrameworksBuildPhase;
			buildActionMask = 2147483647;
			files = (
			);
			runOnlyForDeploymentPostprocessing = 0;
		};
/* End PBXFrameworksBuildPhase section */

/* Begin PBXGroup section */
		C659CD7420F7697A00A73C03 = {
			isa = PBXGroup;
			children = (
				C659CD7F20F7697A00A73C03 /* swipeable-cell-actions */,
				C659CD7E20F7697A00A73C03 /* Products */,
			);
			sourceTree = "<group>";
		};
		C659CD7E20F7697A00A73C03 /* Products */ = {
			isa = PBXGroup;
			children = (
				C659CD7D20F7697A00A73C03 /* swipeable-cell-actions.app */,
			);
			name = Products;
			sourceTree = "<group>";
		};
		C659CD7F20F7697A00A73C03 /* swipeable-cell-actions */ = {
			isa = PBXGroup;
			children = (
				C659CD8020F7697A00A73C03 /* AppDelegate.swift */,
				E73620FF76B0FB733CFE07DB /* SwipeableTableViewCell.swift */,
				C659CD9320F769BC00A73C03 /* TableViewCell.swift */,
				C659CD9820F8AF1100A73C03 /* TableViewModel.swift */,
				C659CD9220F769BC00A73C03 /* TableViewController.swift */,
				C659CDAF20F8B26D00A73C03 /* Font.swift */,
				C659CD8720F7697B00A73C03 /* Assets.xcassets */,
				C659CD8920F7697B00A73C03 /* LaunchScreen.storyboard */,
				C659CD8C20F7697B00A73C03 /* Info.plist */,
				C659CDAD20F8B09F00A73C03 /* Fonts */,
			);
			path = "swipeable-cell-actions";
			sourceTree = "<group>";
		};
/* End PBXGroup section */

/* Begin PBXNativeTarget section */
		C659CD7C20F7697A00A73C03 /* swipeable-cell-actions */ = {
			isa = PBXNativeTarget;
			buildConfigurationList = C659CD8F20F7697B00A73C03 /* Build configuration list for PBXNativeTarget "swipeable-cell-actions" */;
			buildPhases = (
				C659CD7920F7697A00A73C03 /* Sources */,
				C659CD7A20F7697A00A73C03 /* Frameworks */,
				C659CD7B20F7697A00A73C03 /* Resources */,
			);
			buildRules = (
			);
			dependencies = (
			);
			name = "swipeable-cell-actions";
			productName = "swipeable-cell-actions";
			productReference = C659CD7D20F7697A00A73C03 /* swipeable-cell-actions.app */;
			productType = "com.apple.product-type.application";
		};
/* End PBXNativeTarget section */

/* Begin PBXProject section */
		C659CD7520F7697A00A73C03 /* Project object */ = {
			isa = PBXProject;
			attributes = {
				LastSwiftUpdateCheck = 0940;
				LastUpgradeCheck = 0940;
				ORGANIZATIONNAME = 10Clouds;
				TargetAttributes = {
					C659CD7C20F7697A00A73C03 = {
						CreatedOnToolsVersion = 9.4;
					};
				};
			};
			buildConfigurationList = C659CD7820F7697A00A73C03 /* Build configuration list for PBXProject "swipeable-cell-actions" */;
			compatibilityVersion = "Xcode 9.3";
			developmentRegion = en;
			hasScannedForEncodings = 0;
			knownRegions = (
				en,
				Base,
			);
			mainGroup = C659CD7420F7697A00A73C03;
			productRefGroup = C659CD7E20F7697A00A73C03 /* Products */;
			projectDirPath = "";
			projectRoot = "";
			targets = (
				C659CD7C20F7697A00A73C03 /* swipeable-cell-actions */,
			);
		};
/* End PBXProject section */

/* Begin PBXResourcesBuildPhase section */
		C659CD7B20F7697A00A73C03 /* Resources */ = {
			isa = PBXResourcesBuildPhase;
			buildActionMask = 2147483647;
			files = (
				C659CDAE20F8B09F00A73C03 /* Fonts in Resources */,
				C659CD8B20F7697B00A73C03 /* LaunchScreen.storyboard in Resources */,
				C659CD8820F7697B00A73C03 /* Assets.xcassets in Resources */,
			);
			runOnlyForDeploymentPostprocessing = 0;
		};
/* End PBXResourcesBuildPhase section */

/* Begin PBXSourcesBuildPhase section */
		C659CD7920F7697A00A73C03 /* Sources */ = {
			isa = PBXSourcesBuildPhase;
			buildActionMask = 2147483647;
			files = (
				C659CD9420F769BC00A73C03 /* TableViewController.swift in Sources */,
				C659CDB020F8B26D00A73C03 /* Font.swift in Sources */,
				C659CD9520F769BC00A73C03 /* TableViewCell.swift in Sources */,
				C659CD8120F7697A00A73C03 /* AppDelegate.swift in Sources */,
				C659CD9920F8AF1100A73C03 /* TableViewModel.swift in Sources */,
				E7362BF6AB068F4227F489BC /* SwipeableTableViewCell.swift in Sources */,
			);
			runOnlyForDeploymentPostprocessing = 0;
		};
/* End PBXSourcesBuildPhase section */

/* Begin PBXVariantGroup section */
		C659CD8920F7697B00A73C03 /* LaunchScreen.storyboard */ = {
			isa = PBXVariantGroup;
			children = (
				C659CD8A20F7697B00A73C03 /* Base */,
			);
			name = LaunchScreen.storyboard;
			sourceTree = "<group>";
		};
/* End PBXVariantGroup section */

/* Begin XCBuildConfiguration section */
		C659CD8D20F7697B00A73C03 /* Debug */ = {
			isa = XCBuildConfiguration;
			buildSettings = {
				ALWAYS_SEARCH_USER_PATHS = NO;
				CLANG_ANALYZER_NONNULL = YES;
				CLANG_ANALYZER_NUMBER_OBJECT_CONVERSION = YES_AGGRESSIVE;
				CLANG_CXX_LANGUAGE_STANDARD = "gnu++14";
				CLANG_CXX_LIBRARY = "libc++";
				CLANG_ENABLE_MODULES = YES;
				CLANG_ENABLE_OBJC_ARC = YES;
				CLANG_ENABLE_OBJC_WEAK = YES;
				CLANG_WARN_BLOCK_CAPTURE_AUTORELEASING = YES;
				CLANG_WARN_BOOL_CONVERSION = YES;
				CLANG_WARN_COMMA = YES;
				CLANG_WARN_CONSTANT_CONVERSION = YES;
				CLANG_WARN_DEPRECATED_OBJC_IMPLEMENTATIONS = YES;
				CLANG_WARN_DIRECT_OBJC_ISA_USAGE = YES_ERROR;
				CLANG_WARN_DOCUMENTATION_COMMENTS = YES;
				CLANG_WARN_EMPTY_BODY = YES;
				CLANG_WARN_ENUM_CONVERSION = YES;
				CLANG_WARN_INFINITE_RECURSION = YES;
				CLANG_WARN_INT_CONVERSION = YES;
				CLANG_WARN_NON_LITERAL_NULL_CONVERSION = YES;
				CLANG_WARN_OBJC_IMPLICIT_RETAIN_SELF = YES;
				CLANG_WARN_OBJC_LITERAL_CONVERSION = YES;
				CLANG_WARN_OBJC_ROOT_CLASS = YES_ERROR;
				CLANG_WARN_RANGE_LOOP_ANALYSIS = YES;
				CLANG_WARN_STRICT_PROTOTYPES = YES;
				CLANG_WARN_SUSPICIOUS_MOVE = YES;
				CLANG_WARN_UNGUARDED_AVAILABILITY = YES_AGGRESSIVE;
				CLANG_WARN_UNREACHABLE_CODE = YES;
				CLANG_WARN__DUPLICATE_METHOD_MATCH = YES;
				CODE_SIGN_IDENTITY = "iPhone Developer";
				COPY_PHASE_STRIP = NO;
				DEBUG_INFORMATION_FORMAT = dwarf;
				ENABLE_STRICT_OBJC_MSGSEND = YES;
				ENABLE_TESTABILITY = YES;
				GCC_C_LANGUAGE_STANDARD = gnu11;
				GCC_DYNAMIC_NO_PIC = NO;
				GCC_NO_COMMON_BLOCKS = YES;
				GCC_OPTIMIZATION_LEVEL = 0;
				GCC_PREPROCESSOR_DEFINITIONS = (
					"DEBUG=1",
					"$(inherited)",
				);
				GCC_WARN_64_TO_32_BIT_CONVERSION = YES;
				GCC_WARN_ABOUT_RETURN_TYPE = YES_ERROR;
				GCC_WARN_UNDECLARED_SELECTOR = YES;
				GCC_WARN_UNINITIALIZED_AUTOS = YES_AGGRESSIVE;
				GCC_WARN_UNUSED_FUNCTION = YES;
				GCC_WARN_UNUSED_VARIABLE = YES;
				IPHONEOS_DEPLOYMENT_TARGET = 11.4;
				MTL_ENABLE_DEBUG_INFO = YES;
				ONLY_ACTIVE_ARCH = YES;
				SDKROOT = iphoneos;
				SWIFT_ACTIVE_COMPILATION_CONDITIONS = DEBUG;
				SWIFT_OPTIMIZATION_LEVEL = "-Onone";
			};
			name = Debug;
		};
		C659CD8E20F7697B00A73C03 /* Release */ = {
			isa = XCBuildConfiguration;
			buildSettings = {
				ALWAYS_SEARCH_USER_PATHS = NO;
				CLANG_ANALYZER_NONNULL = YES;
				CLANG_ANALYZER_NUMBER_OBJECT_CONVERSION = YES_AGGRESSIVE;
				CLANG_CXX_LANGUAGE_STANDARD = "gnu++14";
				CLANG_CXX_LIBRARY = "libc++";
				CLANG_ENABLE_MODULES = YES;
				CLANG_ENABLE_OBJC_ARC = YES;
				CLANG_ENABLE_OBJC_WEAK = YES;
				CLANG_WARN_BLOCK_CAPTURE_AUTORELEASING = YES;
				CLANG_WARN_BOOL_CONVERSION = YES;
				CLANG_WARN_COMMA = YES;
				CLANG_WARN_CONSTANT_CONVERSION = YES;
				CLANG_WARN_DEPRECATED_OBJC_IMPLEMENTATIONS = YES;
				CLANG_WARN_DIRECT_OBJC_ISA_USAGE = YES_ERROR;
				CLANG_WARN_DOCUMENTATION_COMMENTS = YES;
				CLANG_WARN_EMPTY_BODY = YES;
				CLANG_WARN_ENUM_CONVERSION = YES;
				CLANG_WARN_INFINITE_RECURSION = YES;
				CLANG_WARN_INT_CONVERSION = YES;
				CLANG_WARN_NON_LITERAL_NULL_CONVERSION = YES;
				CLANG_WARN_OBJC_IMPLICIT_RETAIN_SELF = YES;
				CLANG_WARN_OBJC_LITERAL_CONVERSION = YES;
				CLANG_WARN_OBJC_ROOT_CLASS = YES_ERROR;
				CLANG_WARN_RANGE_LOOP_ANALYSIS = YES;
				CLANG_WARN_STRICT_PROTOTYPES = YES;
				CLANG_WARN_SUSPICIOUS_MOVE = YES;
				CLANG_WARN_UNGUARDED_AVAILABILITY = YES_AGGRESSIVE;
				CLANG_WARN_UNREACHABLE_CODE = YES;
				CLANG_WARN__DUPLICATE_METHOD_MATCH = YES;
				CODE_SIGN_IDENTITY = "iPhone Developer";
				COPY_PHASE_STRIP = NO;
				DEBUG_INFORMATION_FORMAT = "dwarf-with-dsym";
				ENABLE_NS_ASSERTIONS = NO;
				ENABLE_STRICT_OBJC_MSGSEND = YES;
				GCC_C_LANGUAGE_STANDARD = gnu11;
				GCC_NO_COMMON_BLOCKS = YES;
				GCC_WARN_64_TO_32_BIT_CONVERSION = YES;
				GCC_WARN_ABOUT_RETURN_TYPE = YES_ERROR;
				GCC_WARN_UNDECLARED_SELECTOR = YES;
				GCC_WARN_UNINITIALIZED_AUTOS = YES_AGGRESSIVE;
				GCC_WARN_UNUSED_FUNCTION = YES;
				GCC_WARN_UNUSED_VARIABLE = YES;
				IPHONEOS_DEPLOYMENT_TARGET = 11.4;
				MTL_ENABLE_DEBUG_INFO = NO;
				SDKROOT = iphoneos;
				SWIFT_COMPILATION_MODE = wholemodule;
				SWIFT_OPTIMIZATION_LEVEL = "-O";
				VALIDATE_PRODUCT = YES;
			};
			name = Release;
		};
		C659CD9020F7697B00A73C03 /* Debug */ = {
			isa = XCBuildConfiguration;
			buildSettings = {
				ASSETCATALOG_COMPILER_APPICON_NAME = AppIcon;
				CODE_SIGN_STYLE = Manual;
				DEVELOPMENT_TEAM = WDE7KVBJBN;
				INFOPLIST_FILE = "swipeable-cell-actions/Info.plist";
				LD_RUNPATH_SEARCH_PATHS = (
					"$(inherited)",
					"@executable_path/Frameworks",
				);
				PRODUCT_BUNDLE_IDENTIFIER = "com.10clouds.labs.swipeable-cell-actions";
				PRODUCT_NAME = "$(TARGET_NAME)";
				PROVISIONING_PROFILE = "6a195d68-4d16-4675-89d8-ca711e16d4e4";
				PROVISIONING_PROFILE_SPECIFIER = "10c-wildcard-development";
				SWIFT_VERSION = 4.0;
				TARGETED_DEVICE_FAMILY = "1,2";
			};
			name = Debug;
		};
		C659CD9120F7697B00A73C03 /* Release */ = {
			isa = XCBuildConfiguration;
			buildSettings = {
				ASSETCATALOG_COMPILER_APPICON_NAME = AppIcon;
				CODE_SIGN_STYLE = Manual;
				DEVELOPMENT_TEAM = "";
				INFOPLIST_FILE = "swipeable-cell-actions/Info.plist";
				LD_RUNPATH_SEARCH_PATHS = (
					"$(inherited)",
					"@executable_path/Frameworks",
				);
				PRODUCT_BUNDLE_IDENTIFIER = "com.10clouds.labs.swipeable-cell-actions";
				PRODUCT_NAME = "$(TARGET_NAME)";
				PROVISIONING_PROFILE_SPECIFIER = "";
				SWIFT_VERSION = 4.0;
				TARGETED_DEVICE_FAMILY = "1,2";
			};
			name = Release;
		};
/* End XCBuildConfiguration section */

/* Begin XCConfigurationList section */
		C659CD7820F7697A00A73C03 /* Build configuration list for PBXProject "swipeable-cell-actions" */ = {
			isa = XCConfigurationList;
			buildConfigurations = (
				C659CD8D20F7697B00A73C03 /* Debug */,
				C659CD8E20F7697B00A73C03 /* Release */,
			);
			defaultConfigurationIsVisible = 0;
			defaultConfigurationName = Release;
		};
		C659CD8F20F7697B00A73C03 /* Build configuration list for PBXNativeTarget "swipeable-cell-actions" */ = {
			isa = XCConfigurationList;
			buildConfigurations = (
				C659CD9020F7697B00A73C03 /* Debug */,
				C659CD9120F7697B00A73C03 /* Release */,
			);
			defaultConfigurationIsVisible = 0;
			defaultConfigurationName = Release;
		};
/* End XCConfigurationList section */
	};
	rootObject = C659CD7520F7697A00A73C03 /* Project object */;
}
